
Microsoft Visual Studio Solution File, Format Version 12.00
# Visual Studio 15
VisualStudioVersion = 15.0.28307.421
MinimumVisualStudioVersion = 10.0.40219.1
Project("{FAE04EC0-301F-11D3-BF4B-00C04F79EFBC}") = "oneplant", "oneplant\oneplant.csproj", "{1F541F88-E110-4F27-A09A-CC8FBD5371DD}"
EndProject
Global
	GlobalSection(SolutionConfigurationPlatforms) = preSolution
		Debug|Any CPU = Debug|Any CPU
		Release|Any CPU = Release|Any CPU
	EndGlobalSection
	GlobalSection(ProjectConfigurationPlatforms) = postSolution
		{1F541F88-E110-4F27-A09A-CC8FBD5371DD}.Debug|Any CPU.ActiveCfg = Debug|Any CPU
		{1F541F88-E110-4F27-A09A-CC8FBD5371DD}.Debug|Any CPU.Build.0 = Debug|Any CPU
		{1F541F88-E110-4F27-A09A-CC8FBD5371DD}.Release|Any CPU.ActiveCfg = Release|Any CPU
		{1F541F88-E110-4F27-A09A-CC8FBD5371DD}.Release|Any CPU.Build.0 = Release|Any CPU
	EndGlobalSection
	GlobalSection(SolutionProperties) = preSolution
		HideSolutionNode = FALSE
	EndGlobalSection
	GlobalSection(ExtensibilityGlobals) = postSolution
		SolutionGuid = {0C72502F-1A08-415F-A67A-FB7EF23D86AA}
	EndGlobalSection
EndGlobal
